PODS:
  - JSON (4.0.2)
  - SQLite.swift (0.10.1)

DEPENDENCIES:
  - JSON
  - SQLite.swift (~> 0.10.1)

SPEC CHECKSUMS:
  JSON: d08f22c3e523be050d5d5f40bca43ec02d95b2cc
  SQLite.swift: 6a6e4b034efc317ce4e203b6af2d3024fee2b570

PODFILE CHECKSUM: 42b2d477c1683ec61cbd74c9338a31a4dfe314e9

COCOAPODS: 1.0.1
